
Microsoft Visual Studio Solution File, Format Version 12.00
# Visual Studio Version 17
VisualStudioVersion = 17.3.32819.101
MinimumVisualStudioVersion = 10.0.40219.1
Project("{FAE04EC0-301F-11D3-BF4B-00C04F79EFBC}") = "Trabajo2", "Trabajo2\Trabajo2.csproj", "{8FAB1C21-1AD5-4C0C-9816-F4CDD2FC1E75}"
EndProject
Global
	GlobalSection(SolutionConfigurationPlatforms) = preSolution
		Debug|Any CPU = Debug|Any CPU
		Release|Any CPU = Release|Any CPU
	EndGlobalSection
	GlobalSection(ProjectConfigurationPlatforms) = postSolution
		{8FAB1C21-1AD5-4C0C-9816-F4CDD2FC1E75}.Debug|Any CPU.ActiveCfg = Debug|Any CPU
		{8FAB1C21-1AD5-4C0C-9816-F4CDD2FC1E75}.Debug|Any CPU.Build.0 = Debug|Any CPU
		{8FAB1C21-1AD5-4C0C-9816-F4CDD2FC1E75}.Release|Any CPU.ActiveCfg = Release|Any CPU
		{8FAB1C21-1AD5-4C0C-9816-F4CDD2FC1E75}.Release|Any CPU.Build.0 = Release|Any CPU
	EndGlobalSection
	GlobalSection(SolutionProperties) = preSolution
		HideSolutionNode = FALSE
	EndGlobalSection
	GlobalSection(ExtensibilityGlobals) = postSolution
		SolutionGuid = {1EA65243-0DC2-4714-9CFD-DBE80DA8083C}
	EndGlobalSection
EndGlobal
